// !$*UTF8*$!
{
	archiveVersion = 1;
	classes = {
	};
	objectVersion = 55;
	objects = {

/* Begin PBXBuildFile section */
		C472517428A712D600217F61 /* RegisterVC.swift in Sources */ = {isa = PBXBuildFile; fileRef = C472517328A712D600217F61 /* RegisterVC.swift */; };
		C472517628A7131200217F61 /* RegisterScreen.swift in Sources */ = {isa = PBXBuildFile; fileRef = C472517528A7131200217F61 /* RegisterScreen.swift */; };
		C472517B28A8614600217F61 /* GoogleService-Info.plist in Resources */ = {isa = PBXBuildFile; fileRef = C472517A28A8614600217F61 /* GoogleService-Info.plist */; };
		C49C6B8228B3C21A00F50EE7 /* SportCollectionViewCell.swift in Sources */ = {isa = PBXBuildFile; fileRef = C49C6B8128B3C21A00F50EE7 /* SportCollectionViewCell.swift */; };
		C49C6B8428B3C24B00F50EE7 /* SportCollectionViewCellScreen.swift in Sources */ = {isa = PBXBuildFile; fileRef = C49C6B8328B3C24B00F50EE7 /* SportCollectionViewCellScreen.swift */; };
		C49C6B8728B3C75500F50EE7 /* Sport.swift in Sources */ = {isa = PBXBuildFile; fileRef = C49C6B8628B3C75500F50EE7 /* Sport.swift */; };
		C4C40BCE28A551CB00568AB8 /* AppDelegate.swift in Sources */ = {isa = PBXBuildFile; fileRef = C4C40BCD28A551CB00568AB8 /* AppDelegate.swift */; };
		C4C40BD028A551CB00568AB8 /* SceneDelegate.swift in Sources */ = {isa = PBXBuildFile; fileRef = C4C40BCF28A551CB00568AB8 /* SceneDelegate.swift */; };
		C4C40BD228A551CB00568AB8 /* LoginVC.swift in Sources */ = {isa = PBXBuildFile; fileRef = C4C40BD128A551CB00568AB8 /* LoginVC.swift */; };
		C4C40BD728A551D000568AB8 /* Assets.xcassets in Resources */ = {isa = PBXBuildFile; fileRef = C4C40BD628A551D000568AB8 /* Assets.xcassets */; };
		C4C40BDA28A551D000568AB8 /* LaunchScreen.storyboard in Resources */ = {isa = PBXBuildFile; fileRef = C4C40BD828A551D000568AB8 /* LaunchScreen.storyboard */; };
		C4C40BE528A5B2B900568AB8 /* LoginScreen.swift in Sources */ = {isa = PBXBuildFile; fileRef = C4C40BE428A5B2B900568AB8 /* LoginScreen.swift */; };
		C4DC235B28A9957700BFF0B6 /* Alert.swift in Sources */ = {isa = PBXBuildFile; fileRef = C4DC235A28A9957600BFF0B6 /* Alert.swift */; };
		C4DC236028A99A4300BFF0B6 /* HomeVC.swift in Sources */ = {isa = PBXBuildFile; fileRef = C4DC235F28A99A4300BFF0B6 /* HomeVC.swift */; };
		C4DC236228A99B6C00BFF0B6 /* HomeScreen.swift in Sources */ = {isa = PBXBuildFile; fileRef = C4DC236128A99B6C00BFF0B6 /* HomeScreen.swift */; };
		C4DC236528AACCB600BFF0B6 /* UserDetailTableViewCell.swift in Sources */ = {isa = PBXBuildFile; fileRef = C4DC236428AACCB600BFF0B6 /* UserDetailTableViewCell.swift */; };
		C4DC236828AACF6A00BFF0B6 /* DataUser.swift in Sources */ = {isa = PBXBuildFile; fileRef = C4DC236728AACF6A00BFF0B6 /* DataUser.swift */; };
		C4DC236B28AAEE7E00BFF0B6 /* UserDetailView.swift in Sources */ = {isa = PBXBuildFile; fileRef = C4DC236A28AAEE7E00BFF0B6 /* UserDetailView.swift */; };
		C4DC236F28AB035F00BFF0B6 /* SportTableViewCell.swift in Sources */ = {isa = PBXBuildFile; fileRef = C4DC236E28AB035F00BFF0B6 /* SportTableViewCell.swift */; };
		C4DC237128AB046C00BFF0B6 /* SportTableViewCellScreen.swift in Sources */ = {isa = PBXBuildFile; fileRef = C4DC237028AB046C00BFF0B6 /* SportTableViewCellScreen.swift */; };
		CC3F5D99F985E75FBF92852E /* Pods_login_viewcode.framework in Frameworks */ = {isa = PBXBuildFile; fileRef = E7F53D8FE00945963D697F91 /* Pods_login_viewcode.framework */; };
/* End PBXBuildFile section */

/* Begin PBXFileReference section */
		0C7BDEDC634DD8D1662C3F69 /* Pods-login-viewcode.debug.xcconfig */ = {isa = PBXFileReference; includeInIndex = 1; lastKnownFileType = text.xcconfig; name = "Pods-login-viewcode.debug.xcconfig"; path = "Target Support Files/Pods-login-viewcode/Pods-login-viewcode.debug.xcconfig"; sourceTree = "<group>"; };
		291EBA52B40B8D70E6C7A324 /* Pods-login-viewcode.release.xcconfig */ = {isa = PBXFileReference; includeInIndex = 1; lastKnownFileType = text.xcconfig; name = "Pods-login-viewcode.release.xcconfig"; path = "Target Support Files/Pods-login-viewcode/Pods-login-viewcode.release.xcconfig"; sourceTree = "<group>"; };
		C472517328A712D600217F61 /* RegisterVC.swift */ = {isa = PBXFileReference; lastKnownFileType = sourcecode.swift; path = RegisterVC.swift; sourceTree = "<group>"; };
		C472517528A7131200217F61 /* RegisterScreen.swift */ = {isa = PBXFileReference; lastKnownFileType = sourcecode.swift; path = RegisterScreen.swift; sourceTree = "<group>"; };
		C472517A28A8614600217F61 /* GoogleService-Info.plist */ = {isa = PBXFileReference; fileEncoding = 4; lastKnownFileType = text.plist.xml; path = "GoogleService-Info.plist"; sourceTree = "<group>"; };
		C49C6B8128B3C21A00F50EE7 /* SportCollectionViewCell.swift */ = {isa = PBXFileReference; lastKnownFileType = sourcecode.swift; path = SportCollectionViewCell.swift; sourceTree = "<group>"; };
		C49C6B8328B3C24B00F50EE7 /* SportCollectionViewCellScreen.swift */ = {isa = PBXFileReference; lastKnownFileType = sourcecode.swift; path = SportCollectionViewCellScreen.swift; sourceTree = "<group>"; };
		C49C6B8628B3C75500F50EE7 /* Sport.swift */ = {isa = PBXFileReference; lastKnownFileType = sourcecode.swift; path = Sport.swift; sourceTree = "<group>"; };
		C4C40BCA28A551CB00568AB8 /* login-viewcode.app */ = {isa = PBXFileReference; explicitFileType = wrapper.application; includeInIndex = 0; path = "login-viewcode.app"; sourceTree = BUILT_PRODUCTS_DIR; };
		C4C40BCD28A551CB00568AB8 /* AppDelegate.swift */ = {isa = PBXFileReference; lastKnownFileType = sourcecode.swift; path = AppDelegate.swift; sourceTree = "<group>"; };
		C4C40BCF28A551CB00568AB8 /* SceneDelegate.swift */ = {isa = PBXFileReference; lastKnownFileType = sourcecode.swift; path = SceneDelegate.swift; sourceTree = "<group>"; };
		C4C40BD128A551CB00568AB8 /* LoginVC.swift */ = {isa = PBXFileReference; lastKnownFileType = sourcecode.swift; path = LoginVC.swift; sourceTree = "<group>"; };
		C4C40BD628A551D000568AB8 /* Assets.xcassets */ = {isa = PBXFileReference; lastKnownFileType = folder.assetcatalog; path = Assets.xcassets; sourceTree = "<group>"; };
		C4C40BD928A551D000568AB8 /* Base */ = {isa = PBXFileReference; lastKnownFileType = file.storyboard; name = Base; path = Base.lproj/LaunchScreen.storyboard; sourceTree = "<group>"; };
		C4C40BDB28A551D000568AB8 /* Info.plist */ = {isa = PBXFileReference; lastKnownFileType = text.plist.xml; path = Info.plist; sourceTree = "<group>"; };
		C4C40BE428A5B2B900568AB8 /* LoginScreen.swift */ = {isa = PBXFileReference; lastKnownFileType = sourcecode.swift; path = LoginScreen.swift; sourceTree = "<group>"; };
		C4DC235A28A9957600BFF0B6 /* Alert.swift */ = {isa = PBXFileReference; lastKnownFileType = sourcecode.swift; path = Alert.swift; sourceTree = "<group>"; };
		C4DC235F28A99A4300BFF0B6 /* HomeVC.swift */ = {isa = PBXFileReference; lastKnownFileType = sourcecode.swift; path = HomeVC.swift; sourceTree = "<group>"; };
		C4DC236128A99B6C00BFF0B6 /* HomeScreen.swift */ = {isa = PBXFileReference; lastKnownFileType = sourcecode.swift; path = HomeScreen.swift; sourceTree = "<group>"; };
		C4DC236428AACCB600BFF0B6 /* UserDetailTableViewCell.swift */ = {isa = PBXFileReference; lastKnownFileType = sourcecode.swift; path = UserDetailTableViewCell.swift; sourceTree = "<group>"; };
		C4DC236728AACF6A00BFF0B6 /* DataUser.swift */ = {isa = PBXFileReference; lastKnownFileType = sourcecode.swift; path = DataUser.swift; sourceTree = "<group>"; };
		C4DC236A28AAEE7E00BFF0B6 /* UserDetailView.swift */ = {isa = PBXFileReference; lastKnownFileType = sourcecode.swift; path = UserDetailView.swift; sourceTree = "<group>"; };
		C4DC236E28AB035F00BFF0B6 /* SportTableViewCell.swift */ = {isa = PBXFileReference; lastKnownFileType = sourcecode.swift; path = SportTableViewCell.swift; sourceTree = "<group>"; };
		C4DC237028AB046C00BFF0B6 /* SportTableViewCellScreen.swift */ = {isa = PBXFileReference; lastKnownFileType = sourcecode.swift; path = SportTableViewCellScreen.swift; sourceTree = "<group>"; };
		E7F53D8FE00945963D697F91 /* Pods_login_viewcode.framework */ = {isa = PBXFileReference; explicitFileType = wrapper.framework; includeInIndex = 0; path = Pods_login_viewcode.framework; sourceTree = BUILT_PRODUCTS_DIR; };
/* End PBXFileReference section */

/* Begin PBXFrameworksBuildPhase section */
		C4C40BC728A551CB00568AB8 /* Frameworks */ = {
			isa = PBXFrameworksBuildPhase;
			buildActionMask = 2147483647;
			files = (
				CC3F5D99F985E75FBF92852E /* Pods_login_viewcode.framework in Frameworks */,
			);
			runOnlyForDeploymentPostprocessing = 0;
		};
/* End PBXFrameworksBuildPhase section */

/* Begin PBXGroup section */
		B06A58EEFC051DAD04BBB72D /* Pods */ = {
			isa = PBXGroup;
			children = (
				0C7BDEDC634DD8D1662C3F69 /* Pods-login-viewcode.debug.xcconfig */,
				291EBA52B40B8D70E6C7A324 /* Pods-login-viewcode.release.xcconfig */,
			);
			path = Pods;
			sourceTree = "<group>";
		};
		C472517728A7145500217F61 /* Register */ = {
			isa = PBXGroup;
			children = (
				C472517828A7145F00217F61 /* Screen */,
				C472517928A7146400217F61 /* VC */,
			);
			path = Register;
			sourceTree = "<group>";
		};
		C472517828A7145F00217F61 /* Screen */ = {
			isa = PBXGroup;
			children = (
				C472517528A7131200217F61 /* RegisterScreen.swift */,
			);
			path = Screen;
			sourceTree = "<group>";
		};
		C472517928A7146400217F61 /* VC */ = {
			isa = PBXGroup;
			children = (
				C472517328A712D600217F61 /* RegisterVC.swift */,
			);
			path = VC;
			sourceTree = "<group>";
		};
		C49C6B8028B3C1C700F50EE7 /* CollectionViewCell */ = {
			isa = PBXGroup;
			children = (
				C49C6B8528B3C25600F50EE7 /* CollectionCustomView */,
				C49C6B8128B3C21A00F50EE7 /* SportCollectionViewCell.swift */,
			);
			path = CollectionViewCell;
			sourceTree = "<group>";
		};
		C49C6B8528B3C25600F50EE7 /* CollectionCustomView */ = {
			isa = PBXGroup;
			children = (
				C49C6B8328B3C24B00F50EE7 /* SportCollectionViewCellScreen.swift */,
			);
			path = CollectionCustomView;
			sourceTree = "<group>";
		};
		C4C40BC128A551CB00568AB8 = {
			isa = PBXGroup;
			children = (
				C4C40BCC28A551CB00568AB8 /* login-viewcode */,
				C4C40BCB28A551CB00568AB8 /* Products */,
				B06A58EEFC051DAD04BBB72D /* Pods */,
				FC4E93BB531CCD102EC54AE8 /* Frameworks */,
			);
			sourceTree = "<group>";
		};
		C4C40BCB28A551CB00568AB8 /* Products */ = {
			isa = PBXGroup;
			children = (
				C4C40BCA28A551CB00568AB8 /* login-viewcode.app */,
			);
			name = Products;
			sourceTree = "<group>";
		};
		C4C40BCC28A551CB00568AB8 /* login-viewcode */ = {
			isa = PBXGroup;
			children = (
				C4DC235C28A999F900BFF0B6 /* Home */,
				C4DC235928A9955400BFF0B6 /* Alert */,
				C472517728A7145500217F61 /* Register */,
				C4C40BE128A5B25100568AB8 /* Login */,
				C4C40BCD28A551CB00568AB8 /* AppDelegate.swift */,
				C4C40BCF28A551CB00568AB8 /* SceneDelegate.swift */,
				C4C40BD628A551D000568AB8 /* Assets.xcassets */,
				C4C40BD828A551D000568AB8 /* LaunchScreen.storyboard */,
				C4C40BDB28A551D000568AB8 /* Info.plist */,
				C472517A28A8614600217F61 /* GoogleService-Info.plist */,
			);
			path = "login-viewcode";
			sourceTree = "<group>";
		};
		C4C40BE128A5B25100568AB8 /* Login */ = {
			isa = PBXGroup;
			children = (
				C4C40BE328A5B27F00568AB8 /* Screen */,
				C4C40BE228A5B26900568AB8 /* VC */,
			);
			path = Login;
			sourceTree = "<group>";
		};
		C4C40BE228A5B26900568AB8 /* VC */ = {
			isa = PBXGroup;
			children = (
				C4C40BD128A551CB00568AB8 /* LoginVC.swift */,
			);
			path = VC;
			sourceTree = "<group>";
		};
		C4C40BE328A5B27F00568AB8 /* Screen */ = {
			isa = PBXGroup;
			children = (
				C4C40BE428A5B2B900568AB8 /* LoginScreen.swift */,
			);
			path = Screen;
			sourceTree = "<group>";
		};
		C4DC235928A9955400BFF0B6 /* Alert */ = {
			isa = PBXGroup;
			children = (
				C4DC235A28A9957600BFF0B6 /* Alert.swift */,
			);
			path = Alert;
			sourceTree = "<group>";
		};
		C4DC235C28A999F900BFF0B6 /* Home */ = {
			isa = PBXGroup;
			children = (
				C4DC236628AACF5B00BFF0B6 /* Model */,
				C4DC236328AACC7800BFF0B6 /* Cells */,
				C4DC235E28A99A0A00BFF0B6 /* Screen */,
				C4DC235D28A99A0600BFF0B6 /* VC */,
			);
			path = Home;
			sourceTree = "<group>";
		};
		C4DC235D28A99A0600BFF0B6 /* VC */ = {
			isa = PBXGroup;
			children = (
				C4DC235F28A99A4300BFF0B6 /* HomeVC.swift */,
			);
			path = VC;
			sourceTree = "<group>";
		};
		C4DC235E28A99A0A00BFF0B6 /* Screen */ = {
			isa = PBXGroup;
			children = (
				C4DC236128A99B6C00BFF0B6 /* HomeScreen.swift */,
			);
			path = Screen;
			sourceTree = "<group>";
		};
		C4DC236328AACC7800BFF0B6 /* Cells */ = {
			isa = PBXGroup;
			children = (
				C4DC236D28AB033900BFF0B6 /* SportTableViewCell */,
				C4DC236C28AB02EF00BFF0B6 /* UserDetailTableViewCell */,
			);
			path = Cells;
			sourceTree = "<group>";
		};
		C4DC236628AACF5B00BFF0B6 /* Model */ = {
			isa = PBXGroup;
			children = (
				C4DC236728AACF6A00BFF0B6 /* DataUser.swift */,
				C49C6B8628B3C75500F50EE7 /* Sport.swift */,
			);
			path = Model;
			sourceTree = "<group>";
		};
		C4DC236928AAEE4600BFF0B6 /* CustomView */ = {
			isa = PBXGroup;
			children = (
				C4DC236A28AAEE7E00BFF0B6 /* UserDetailView.swift */,
			);
			path = CustomView;
			sourceTree = "<group>";
		};
		C4DC236C28AB02EF00BFF0B6 /* UserDetailTableViewCell */ = {
			isa = PBXGroup;
			children = (
				C4DC236928AAEE4600BFF0B6 /* CustomView */,
				C4DC236428AACCB600BFF0B6 /* UserDetailTableViewCell.swift */,
			);
			path = UserDetailTableViewCell;
			sourceTree = "<group>";
		};
		C4DC236D28AB033900BFF0B6 /* SportTableViewCell */ = {
			isa = PBXGroup;
			children = (
				C49C6B8028B3C1C700F50EE7 /* CollectionViewCell */,
				C4DC237228AB04AD00BFF0B6 /* CustomView */,
				C4DC236E28AB035F00BFF0B6 /* SportTableViewCell.swift */,
			);
			path = SportTableViewCell;
			sourceTree = "<group>";
		};
		C4DC237228AB04AD00BFF0B6 /* CustomView */ = {
			isa = PBXGroup;
			children = (
				C4DC237028AB046C00BFF0B6 /* SportTableViewCellScreen.swift */,
			);
			path = CustomView;
			sourceTree = "<group>";
		};
		FC4E93BB531CCD102EC54AE8 /* Frameworks */ = {
			isa = PBXGroup;
			children = (
				E7F53D8FE00945963D697F91 /* Pods_login_viewcode.framework */,
			);
			name = Frameworks;
			sourceTree = "<group>";
		};
/* End PBXGroup section */

/* Begin PBXNativeTarget section */
		C4C40BC928A551CB00568AB8 /* login-viewcode */ = {
			isa = PBXNativeTarget;
			buildConfigurationList = C4C40BDE28A551D000568AB8 /* Build configuration list for PBXNativeTarget "login-viewcode" */;
			buildPhases = (
				5C69E1877EFB4995CE831EF6 /* [CP] Check Pods Manifest.lock */,
				C4C40BC628A551CB00568AB8 /* Sources */,
				C4C40BC728A551CB00568AB8 /* Frameworks */,
				C4C40BC828A551CB00568AB8 /* Resources */,
				584E17E2CDA822A7A0DD0E7E /* [CP] Embed Pods Frameworks */,
			);
			buildRules = (
			);
			dependencies = (
			);
			name = "login-viewcode";
			productName = "login-viewcode";
			productReference = C4C40BCA28A551CB00568AB8 /* login-viewcode.app */;
			productType = "com.apple.product-type.application";
		};
/* End PBXNativeTarget section */

/* Begin PBXProject section */
		C4C40BC228A551CB00568AB8 /* Project object */ = {
			isa = PBXProject;
			attributes = {
				BuildIndependentTargetsInParallel = 1;
				LastSwiftUpdateCheck = 1320;
				LastUpgradeCheck = 1320;
				TargetAttributes = {
					C4C40BC928A551CB00568AB8 = {
						CreatedOnToolsVersion = 13.2.1;
					};
				};
			};
			buildConfigurationList = C4C40BC528A551CB00568AB8 /* Build configuration list for PBXProject "login-viewcode" */;
			compatibilityVersion = "Xcode 13.0";
			developmentRegion = en;
			hasScannedForEncodings = 0;
			knownRegions = (
				en,
				Base,
			);
			mainGroup = C4C40BC128A551CB00568AB8;
			productRefGroup = C4C40BCB28A551CB00568AB8 /* Products */;
			projectDirPath = "";
			projectRoot = "";
			targets = (
				C4C40BC928A551CB00568AB8 /* login-viewcode */,
			);
		};
/* End PBXProject section */

/* Begin PBXResourcesBuildPhase section */
		C4C40BC828A551CB00568AB8 /* Resources */ = {
			isa = PBXResourcesBuildPhase;
			buildActionMask = 2147483647;
			files = (
				C4C40BDA28A551D000568AB8 /* LaunchScreen.storyboard in Resources */,
				C4C40BD728A551D000568AB8 /* Assets.xcassets in Resources */,
				C472517B28A8614600217F61 /* GoogleService-Info.plist in Resources */,
			);
			runOnlyForDeploymentPostprocessing = 0;
		};
/* End PBXResourcesBuildPhase section */

/* Begin PBXShellScriptBuildPhase section */
		584E17E2CDA822A7A0DD0E7E /* [CP] Embed Pods Frameworks */ = {
			isa = PBXShellScriptBuildPhase;
			buildActionMask = 2147483647;
			files = (
			);
			inputFileListPaths = (
				"${PODS_ROOT}/Target Support Files/Pods-login-viewcode/Pods-login-viewcode-frameworks-${CONFIGURATION}-input-files.xcfilelist",
			);
			name = "[CP] Embed Pods Frameworks";
			outputFileListPaths = (
				"${PODS_ROOT}/Target Support Files/Pods-login-viewcode/Pods-login-viewcode-frameworks-${CONFIGURATION}-output-files.xcfilelist",
			);
			runOnlyForDeploymentPostprocessing = 0;
			shellPath = /bin/sh;
			shellScript = "\"${PODS_ROOT}/Target Support Files/Pods-login-viewcode/Pods-login-viewcode-frameworks.sh\"\n";
			showEnvVarsInLog = 0;
		};
		5C69E1877EFB4995CE831EF6 /* [CP] Check Pods Manifest.lock */ = {
			isa = PBXShellScriptBuildPhase;
			buildActionMask = 2147483647;
			files = (
			);
			inputFileListPaths = (
			);
			inputPaths = (
				"${PODS_PODFILE_DIR_PATH}/Podfile.lock",
				"${PODS_ROOT}/Manifest.lock",
			);
			name = "[CP] Check Pods Manifest.lock";
			outputFileListPaths = (
			);
			outputPaths = (
				"$(DERIVED_FILE_DIR)/Pods-login-viewcode-checkManifestLockResult.txt",
			);
			runOnlyForDeploymentPostprocessing = 0;
			shellPath = /bin/sh;
			shellScript = "diff \"${PODS_PODFILE_DIR_PATH}/Podfile.lock\" \"${PODS_ROOT}/Manifest.lock\" > /dev/null\nif [ $? != 0 ] ; then\n    # print error to STDERR\n    echo \"error: The sandbox is not in sync with the Podfile.lock. Run 'pod install' or update your CocoaPods installation.\" >&2\n    exit 1\nfi\n# This output is used by Xcode 'outputs' to avoid re-running this script phase.\necho \"SUCCESS\" > \"${SCRIPT_OUTPUT_FILE_0}\"\n";
			showEnvVarsInLog = 0;
		};
/* End PBXShellScriptBuildPhase section */

/* Begin PBXSourcesBuildPhase section */
		C4C40BC628A551CB00568AB8 /* Sources */ = {
			isa = PBXSourcesBuildPhase;
			buildActionMask = 2147483647;
			files = (
				C472517628A7131200217F61 /* RegisterScreen.swift in Sources */,
				C4DC236028A99A4300BFF0B6 /* HomeVC.swift in Sources */,
				C4C40BD228A551CB00568AB8 /* LoginVC.swift in Sources */,
				C49C6B8228B3C21A00F50EE7 /* SportCollectionViewCell.swift in Sources */,
				C472517428A712D600217F61 /* RegisterVC.swift in Sources */,
				C49C6B8728B3C75500F50EE7 /* Sport.swift in Sources */,
				C49C6B8428B3C24B00F50EE7 /* SportCollectionViewCellScreen.swift in Sources */,
				C4DC236B28AAEE7E00BFF0B6 /* UserDetailView.swift in Sources */,
				C4DC236828AACF6A00BFF0B6 /* DataUser.swift in Sources */,
				C4DC237128AB046C00BFF0B6 /* SportTableViewCellScreen.swift in Sources */,
				C4DC236F28AB035F00BFF0B6 /* SportTableViewCell.swift in Sources */,
				C4C40BE528A5B2B900568AB8 /* LoginScreen.swift in Sources */,
				C4DC236528AACCB600BFF0B6 /* UserDetailTableViewCell.swift in Sources */,
				C4DC236228A99B6C00BFF0B6 /* HomeScreen.swift in Sources */,
				C4C40BCE28A551CB00568AB8 /* AppDelegate.swift in Sources */,
				C4C40BD028A551CB00568AB8 /* SceneDelegate.swift in Sources */,
				C4DC235B28A9957700BFF0B6 /* Alert.swift in Sources */,
			);
			runOnlyForDeploymentPostprocessing = 0;
		};
/* End PBXSourcesBuildPhase section */

/* Begin PBXVariantGroup section */
		C4C40BD828A551D000568AB8 /* LaunchScreen.storyboard */ = {
			isa = PBXVariantGroup;
			children = (
				C4C40BD928A551D000568AB8 /* Base */,
			);
			name = LaunchScreen.storyboard;
			sourceTree = "<group>";
		};
/* End PBXVariantGroup section */

/* Begin XCBuildConfiguration section */
		C4C40BDC28A551D000568AB8 /* Debug */ = {
			isa = XCBuildConfiguration;
			buildSettings = {
				ALWAYS_SEARCH_USER_PATHS = NO;
				CLANG_ANALYZER_NONNULL = YES;
				CLANG_ANALYZER_NUMBER_OBJECT_CONVERSION = YES_AGGRESSIVE;
				CLANG_CXX_LANGUAGE_STANDARD = "gnu++17";
				CLANG_CXX_LIBRARY = "libc++";
				CLANG_ENABLE_MODULES = YES;
				CLANG_ENABLE_OBJC_ARC = YES;
				CLANG_ENABLE_OBJC_WEAK = YES;
				CLANG_WARN_BLOCK_CAPTURE_AUTORELEASING = YES;
				CLANG_WARN_BOOL_CONVERSION = YES;
				CLANG_WARN_COMMA = YES;
				CLANG_WARN_CONSTANT_CONVERSION = YES;
				CLANG_WARN_DEPRECATED_OBJC_IMPLEMENTATIONS = YES;
				CLANG_WARN_DIRECT_OBJC_ISA_USAGE = YES_ERROR;
				CLANG_WARN_DOCUMENTATION_COMMENTS = YES;
				CLANG_WARN_EMPTY_BODY = YES;
				CLANG_WARN_ENUM_CONVERSION = YES;
				CLANG_WARN_INFINITE_RECURSION = YES;
				CLANG_WARN_INT_CONVERSION = YES;
				CLANG_WARN_NON_LITERAL_NULL_CONVERSION = YES;
				CLANG_WARN_OBJC_IMPLICIT_RETAIN_SELF = YES;
				CLANG_WARN_OBJC_LITERAL_CONVERSION = YES;
				CLANG_WARN_OBJC_ROOT_CLASS = YES_ERROR;
				CLANG_WARN_QUOTED_INCLUDE_IN_FRAMEWORK_HEADER = YES;
				CLANG_WARN_RANGE_LOOP_ANALYSIS = YES;
				CLANG_WARN_STRICT_PROTOTYPES = YES;
				CLANG_WARN_SUSPICIOUS_MOVE = YES;
				CLANG_WARN_UNGUARDED_AVAILABILITY = YES_AGGRESSIVE;
				CLANG_WARN_UNREACHABLE_CODE = YES;
				CLANG_WARN__DUPLICATE_METHOD_MATCH = YES;
				COPY_PHASE_STRIP = NO;
				DEBUG_INFORMATION_FORMAT = dwarf;
				ENABLE_STRICT_OBJC_MSGSEND = YES;
				ENABLE_TESTABILITY = YES;
				GCC_C_LANGUAGE_STANDARD = gnu11;
				GCC_DYNAMIC_NO_PIC = NO;
				GCC_NO_COMMON_BLOCKS = YES;
				GCC_OPTIMIZATION_LEVEL = 0;
				GCC_PREPROCESSOR_DEFINITIONS = (
					"DEBUG=1",
					"$(inherited)",
				);
				GCC_WARN_64_TO_32_BIT_CONVERSION = YES;
				GCC_WARN_ABOUT_RETURN_TYPE = YES_ERROR;
				GCC_WARN_UNDECLARED_SELECTOR = YES;
				GCC_WARN_UNINITIALIZED_AUTOS = YES_AGGRESSIVE;
				GCC_WARN_UNUSED_FUNCTION = YES;
				GCC_WARN_UNUSED_VARIABLE = YES;
				IPHONEOS_DEPLOYMENT_TARGET = 15.2;
				MTL_ENABLE_DEBUG_INFO = INCLUDE_SOURCE;
				MTL_FAST_MATH = YES;
				ONLY_ACTIVE_ARCH = YES;
				SDKROOT = iphoneos;
				SWIFT_ACTIVE_COMPILATION_CONDITIONS = DEBUG;
				SWIFT_OPTIMIZATION_LEVEL = "-Onone";
			};
			name = Debug;
		};
		C4C40BDD28A551D000568AB8 /* Release */ = {
			isa = XCBuildConfiguration;
			buildSettings = {
				ALWAYS_SEARCH_USER_PATHS = NO;
				CLANG_ANALYZER_NONNULL = YES;
				CLANG_ANALYZER_NUMBER_OBJECT_CONVERSION = YES_AGGRESSIVE;
				CLANG_CXX_LANGUAGE_STANDARD = "gnu++17";
				CLANG_CXX_LIBRARY = "libc++";
				CLANG_ENABLE_MODULES = YES;
				CLANG_ENABLE_OBJC_ARC = YES;
				CLANG_ENABLE_OBJC_WEAK = YES;
				CLANG_WARN_BLOCK_CAPTURE_AUTORELEASING = YES;
				CLANG_WARN_BOOL_CONVERSION = YES;
				CLANG_WARN_COMMA = YES;
				CLANG_WARN_CONSTANT_CONVERSION = YES;
				CLANG_WARN_DEPRECATED_OBJC_IMPLEMENTATIONS = YES;
				CLANG_WARN_DIRECT_OBJC_ISA_USAGE = YES_ERROR;
				CLANG_WARN_DOCUMENTATION_COMMENTS = YES;
				CLANG_WARN_EMPTY_BODY = YES;
				CLANG_WARN_ENUM_CONVERSION = YES;
				CLANG_WARN_INFINITE_RECURSION = YES;
				CLANG_WARN_INT_CONVERSION = YES;
				CLANG_WARN_NON_LITERAL_NULL_CONVERSION = YES;
				CLANG_WARN_OBJC_IMPLICIT_RETAIN_SELF = YES;
				CLANG_WARN_OBJC_LITERAL_CONVERSION = YES;
				CLANG_WARN_OBJC_ROOT_CLASS = YES_ERROR;
				CLANG_WARN_QUOTED_INCLUDE_IN_FRAMEWORK_HEADER = YES;
				CLANG_WARN_RANGE_LOOP_ANALYSIS = YES;
				CLANG_WARN_STRICT_PROTOTYPES = YES;
				CLANG_WARN_SUSPICIOUS_MOVE = YES;
				CLANG_WARN_UNGUARDED_AVAILABILITY = YES_AGGRESSIVE;
				CLANG_WARN_UNREACHABLE_CODE = YES;
				CLANG_WARN__DUPLICATE_METHOD_MATCH = YES;
				COPY_PHASE_STRIP = NO;
				DEBUG_INFORMATION_FORMAT = "dwarf-with-dsym";
				ENABLE_NS_ASSERTIONS = NO;
				ENABLE_STRICT_OBJC_MSGSEND = YES;
				GCC_C_LANGUAGE_STANDARD = gnu11;
				GCC_NO_COMMON_BLOCKS = YES;
				GCC_WARN_64_TO_32_BIT_CONVERSION = YES;
				GCC_WARN_ABOUT_RETURN_TYPE = YES_ERROR;
				GCC_WARN_UNDECLARED_SELECTOR = YES;
				GCC_WARN_UNINITIALIZED_AUTOS = YES_AGGRESSIVE;
				GCC_WARN_UNUSED_FUNCTION = YES;
				GCC_WARN_UNUSED_VARIABLE = YES;
				IPHONEOS_DEPLOYMENT_TARGET = 15.2;
				MTL_ENABLE_DEBUG_INFO = NO;
				MTL_FAST_MATH = YES;
				SDKROOT = iphoneos;
				SWIFT_COMPILATION_MODE = wholemodule;
				SWIFT_OPTIMIZATION_LEVEL = "-O";
				VALIDATE_PRODUCT = YES;
			};
			name = Release;
		};
		C4C40BDF28A551D000568AB8 /* Debug */ = {
			isa = XCBuildConfiguration;
			baseConfigurationReference = 0C7BDEDC634DD8D1662C3F69 /* Pods-login-viewcode.debug.xcconfig */;
			buildSettings = {
				ASSETCATALOG_COMPILER_APPICON_NAME = AppIcon;
				ASSETCATALOG_COMPILER_GLOBAL_ACCENT_COLOR_NAME = AccentColor;
				CODE_SIGN_STYLE = Automatic;
				CURRENT_PROJECT_VERSION = 1;
				GENERATE_INFOPLIST_FILE = YES;
				INFOPLIST_FILE = "login-viewcode/Info.plist";
				INFOPLIST_KEY_UIApplicationSupportsIndirectInputEvents = YES;
				INFOPLIST_KEY_UILaunchStoryboardName = LaunchScreen;
				INFOPLIST_KEY_UISupportedInterfaceOrientations_iPad = "UIInterfaceOrientationPortrait UIInterfaceOrientationPortraitUpsideDown UIInterfaceOrientationLandscapeLeft UIInterfaceOrientationLandscapeRight";
				INFOPLIST_KEY_UISupportedInterfaceOrientations_iPhone = "UIInterfaceOrientationPortrait UIInterfaceOrientationLandscapeLeft UIInterfaceOrientationLandscapeRight";
				LD_RUNPATH_SEARCH_PATHS = (
					"$(inherited)",
					"@executable_path/Frameworks",
				);
				MARKETING_VERSION = 1.0;
				PRODUCT_BUNDLE_IDENTIFIER = "com.fernandomoreira.login-viewcode";
				PRODUCT_NAME = "$(TARGET_NAME)";
				SWIFT_EMIT_LOC_STRINGS = YES;
				SWIFT_VERSION = 5.0;
				TARGETED_DEVICE_FAMILY = 1;
			};
			name = Debug;
		};
		C4C40BE028A551D000568AB8 /* Release */ = {
			isa = XCBuildConfiguration;
			baseConfigurationReference = 291EBA52B40B8D70E6C7A324 /* Pods-login-viewcode.release.xcconfig */;
			buildSettings = {
				ASSETCATALOG_COMPILER_APPICON_NAME = AppIcon;
				ASSETCATALOG_COMPILER_GLOBAL_ACCENT_COLOR_NAME = AccentColor;
				CODE_SIGN_STYLE = Automatic;
				CURRENT_PROJECT_VERSION = 1;
				GENERATE_INFOPLIST_FILE = YES;
				INFOPLIST_FILE = "login-viewcode/Info.plist";
				INFOPLIST_KEY_UIApplicationSupportsIndirectInputEvents = YES;
				INFOPLIST_KEY_UILaunchStoryboardName = LaunchScreen;
				INFOPLIST_KEY_UISupportedInterfaceOrientations_iPad = "UIInterfaceOrientationPortrait UIInterfaceOrientationPortraitUpsideDown UIInterfaceOrientationLandscapeLeft UIInterfaceOrientationLandscapeRight";
				INFOPLIST_KEY_UISupportedInterfaceOrientations_iPhone = "UIInterfaceOrientationPortrait UIInterfaceOrientationLandscapeLeft UIInterfaceOrientationLandscapeRight";
				LD_RUNPATH_SEARCH_PATHS = (
					"$(inherited)",
					"@executable_path/Frameworks",
				);
				MARKETING_VERSION = 1.0;
				PRODUCT_BUNDLE_IDENTIFIER = "com.fernandomoreira.login-viewcode";
				PRODUCT_NAME = "$(TARGET_NAME)";
				SWIFT_EMIT_LOC_STRINGS = YES;
				SWIFT_VERSION = 5.0;
				TARGETED_DEVICE_FAMILY = 1;
			};
			name = Release;
		};
/* End XCBuildConfiguration section */

/* Begin XCConfigurationList section */
		C4C40BC528A551CB00568AB8 /* Build configuration list for PBXProject "login-viewcode" */ = {
			isa = XCConfigurationList;
			buildConfigurations = (
				C4C40BDC28A551D000568AB8 /* Debug */,
				C4C40BDD28A551D000568AB8 /* Release */,
			);
			defaultConfigurationIsVisible = 0;
			defaultConfigurationName = Release;
		};
		C4C40BDE28A551D000568AB8 /* Build configuration list for PBXNativeTarget "login-viewcode" */ = {
			isa = XCConfigurationList;
			buildConfigurations = (
				C4C40BDF28A551D000568AB8 /* Debug */,
				C4C40BE028A551D000568AB8 /* Release */,
			);
			defaultConfigurationIsVisible = 0;
			defaultConfigurationName = Release;
		};
/* End XCConfigurationList section */
	};
	rootObject = C4C40BC228A551CB00568AB8 /* Project object */;
}
